
Microsoft Visual Studio Solution File, Format Version 12.00
# Visual Studio 14
VisualStudioVersion = 14.0.24720.0
MinimumVisualStudioVersion = 10.0.40219.1
Project("{FAE04EC0-301F-11D3-BF4B-00C04F79EFBC}") = "NewMemberUMCU.UI", "NewMemberUMCU.UI\NewMemberUMCU.UI.csproj", "{A4D25821-AEE0-41C7-B4C8-8654F908AEE6}"
EndProject
Project("{FAE04EC0-301F-11D3-BF4B-00C04F79EFBC}") = "NewMemberUMCU.BLL", "NewMemberUMCU.BLL\NewMemberUMCU.BLL.csproj", "{1045DAC5-70F1-4995-9F7A-6A970364E22D}"
EndProject
Project("{FAE04EC0-301F-11D3-BF4B-00C04F79EFBC}") = "NewMemberUMCU.DATA", "NewMemberUMCU.DATA\NewMemberUMCU.DATA.csproj", "{13A58312-42A3-42B0-BA60-9AF98FD18F33}"
EndProject
Project("{FAE04EC0-301F-11D3-BF4B-00C04F79EFBC}") = "NewMemberUMCU.MODELS", "NewMemberUMCU.MODELS\NewMemberUMCU.MODELS.csproj", "{1BDF32C3-6FD1-4F53-9D56-53E8B452F09F}"
EndProject
Project("{FAE04EC0-301F-11D3-BF4B-00C04F79EFBC}") = "NewMemberUMCU.TEST", "NewMemberUMCU.TEST\NewMemberUMCU.TEST.csproj", "{ED153A79-EA3A-49EC-9467-398DFF1153F9}"
EndProject
Global
	GlobalSection(SolutionConfigurationPlatforms) = preSolution
		Debug|Any CPU = Debug|Any CPU
		Release|Any CPU = Release|Any CPU
	EndGlobalSection
	GlobalSection(ProjectConfigurationPlatforms) = postSolution
		{A4D25821-AEE0-41C7-B4C8-8654F908AEE6}.Debug|Any CPU.ActiveCfg = Debug|Any CPU
		{A4D25821-AEE0-41C7-B4C8-8654F908AEE6}.Debug|Any CPU.Build.0 = Debug|Any CPU
		{A4D25821-AEE0-41C7-B4C8-8654F908AEE6}.Release|Any CPU.ActiveCfg = Release|Any CPU
		{A4D25821-AEE0-41C7-B4C8-8654F908AEE6}.Release|Any CPU.Build.0 = Release|Any CPU
		{1045DAC5-70F1-4995-9F7A-6A970364E22D}.Debug|Any CPU.ActiveCfg = Debug|Any CPU
		{1045DAC5-70F1-4995-9F7A-6A970364E22D}.Debug|Any CPU.Build.0 = Debug|Any CPU
		{1045DAC5-70F1-4995-9F7A-6A970364E22D}.Release|Any CPU.ActiveCfg = Release|Any CPU
		{1045DAC5-70F1-4995-9F7A-6A970364E22D}.Release|Any CPU.Build.0 = Release|Any CPU
		{13A58312-42A3-42B0-BA60-9AF98FD18F33}.Debug|Any CPU.ActiveCfg = Debug|Any CPU
		{13A58312-42A3-42B0-BA60-9AF98FD18F33}.Debug|Any CPU.Build.0 = Debug|Any CPU
		{13A58312-42A3-42B0-BA60-9AF98FD18F33}.Release|Any CPU.ActiveCfg = Release|Any CPU
		{13A58312-42A3-42B0-BA60-9AF98FD18F33}.Release|Any CPU.Build.0 = Release|Any CPU
		{1BDF32C3-6FD1-4F53-9D56-53E8B452F09F}.Debug|Any CPU.ActiveCfg = Debug|Any CPU
		{1BDF32C3-6FD1-4F53-9D56-53E8B452F09F}.Debug|Any CPU.Build.0 = Debug|Any CPU
		{1BDF32C3-6FD1-4F53-9D56-53E8B452F09F}.Release|Any CPU.ActiveCfg = Release|Any CPU
		{1BDF32C3-6FD1-4F53-9D56-53E8B452F09F}.Release|Any CPU.Build.0 = Release|Any CPU
		{ED153A79-EA3A-49EC-9467-398DFF1153F9}.Debug|Any CPU.ActiveCfg = Debug|Any CPU
		{ED153A79-EA3A-49EC-9467-398DFF1153F9}.Debug|Any CPU.Build.0 = Debug|Any CPU
		{ED153A79-EA3A-49EC-9467-398DFF1153F9}.Release|Any CPU.ActiveCfg = Release|Any CPU
		{ED153A79-EA3A-49EC-9467-398DFF1153F9}.Release|Any CPU.Build.0 = Release|Any CPU
	EndGlobalSection
	GlobalSection(SolutionProperties) = preSolution
		HideSolutionNode = FALSE
	EndGlobalSection
EndGlobal
